
Microsoft Visual Studio Solution File, Format Version 12.00
# Visual Studio Version 17
VisualStudioVersion = 17.14.36717.8
MinimumVisualStudioVersion = 10.0.40219.1
Project("{FAE04EC0-301F-11D3-BF4B-00C04F79EFBC}") = "Mep1.Erp.Core", "Mep1.Erp.Core\Mep1.Erp.Core.csproj", "{0C1118D3-4E13-F038-37C0-9AB0D040219C}"
EndProject
Project("{FAE04EC0-301F-11D3-BF4B-00C04F79EFBC}") = "Mep1.Erp.Desktop", "Mep1.Erp.Desktop\Mep1.Erp.Desktop.csproj", "{34F7BD10-6A68-7A3D-0888-69DA60BD4030}"
EndProject
Project("{FAE04EC0-301F-11D3-BF4B-00C04F79EFBC}") = "Mep1.Erp.Importer", "Mep1.Erp.Importer\Mep1.Erp.Importer.csproj", "{75D075D1-48C5-1300-48FB-D0EC003F1796}"
EndProject
Project("{FAE04EC0-301F-11D3-BF4B-00C04F79EFBC}") = "Mep1.Erp.Api", "Mep1.Erp.Api\Mep1.Erp.Api.csproj", "{AB6406A5-BFF5-4633-B076-9A9C92BE9F2A}"
EndProject
Project("{FAE04EC0-301F-11D3-BF4B-00C04F79EFBC}") = "Mep1.Erp.Infrastructure", "Mep1.Erp.Infrastructure\Mep1.Erp.Infrastructure.csproj", "{8423CF2E-1F69-4977-B2F2-1714CD41680A}"
EndProject
Project("{FAE04EC0-301F-11D3-BF4B-00C04F79EFBC}") = "Mep1.Erp.Application", "Mep1.Erp.Application\Mep1.Erp.Application.csproj", "{F5D17986-15A5-4C12-8CEB-C5805D634309}"
EndProject
Project("{FAE04EC0-301F-11D3-BF4B-00C04F79EFBC}") = "Mep1.Erp.TimesheetWeb", "Mep1.Erp.TimesheetWeb\Mep1.Erp.TimesheetWeb.csproj", "{8C69E6DA-8222-46EE-8B39-FC6E5F1B88F4}"
EndProject
Project("{C7167F0D-BC9F-4E6E-AFE1-012C56B48DB5}") = "Mep1.Erp.Desktop.Package", "Mep1.Erp.Desktop.Package\Mep1.Erp.Desktop.Package.wapproj", "{B83C9EC1-E55D-4C6B-A08F-4E9D730BEAC1}"
EndProject
Project("{2150E333-8FDC-42A3-9474-1A3956D46DE8}") = "Solution Items", "Solution Items", "{8EC462FD-D22E-90A8-E5CE-7E832BA40C5D}"
	ProjectSection(SolutionItems) = preProject
		Directory.Build.props = Directory.Build.props
	EndProjectSection
EndProject
Global
	GlobalSection(SolutionConfigurationPlatforms) = preSolution
		Debug|Any CPU = Debug|Any CPU
		Debug|ARM = Debug|ARM
		Debug|ARM64 = Debug|ARM64
		Debug|x64 = Debug|x64
		Debug|x86 = Debug|x86
		Release|Any CPU = Release|Any CPU
		Release|ARM = Release|ARM
		Release|ARM64 = Release|ARM64
		Release|x64 = Release|x64
		Release|x86 = Release|x86
	EndGlobalSection
	GlobalSection(ProjectConfigurationPlatforms) = postSolution
		{0C1118D3-4E13-F038-37C0-9AB0D040219C}.Debug|Any CPU.ActiveCfg = Debug|Any CPU
		{0C1118D3-4E13-F038-37C0-9AB0D040219C}.Debug|Any CPU.Build.0 = Debug|Any CPU
		{0C1118D3-4E13-F038-37C0-9AB0D040219C}.Debug|ARM.ActiveCfg = Debug|Any CPU
		{0C1118D3-4E13-F038-37C0-9AB0D040219C}.Debug|ARM.Build.0 = Debug|Any CPU
		{0C1118D3-4E13-F038-37C0-9AB0D040219C}.Debug|ARM64.ActiveCfg = Debug|Any CPU
		{0C1118D3-4E13-F038-37C0-9AB0D040219C}.Debug|ARM64.Build.0 = Debug|Any CPU
		{0C1118D3-4E13-F038-37C0-9AB0D040219C}.Debug|x64.ActiveCfg = Debug|Any CPU
		{0C1118D3-4E13-F038-37C0-9AB0D040219C}.Debug|x64.Build.0 = Debug|Any CPU
		{0C1118D3-4E13-F038-37C0-9AB0D040219C}.Debug|x86.ActiveCfg = Debug|Any CPU
		{0C1118D3-4E13-F038-37C0-9AB0D040219C}.Debug|x86.Build.0 = Debug|Any CPU
		{0C1118D3-4E13-F038-37C0-9AB0D040219C}.Release|Any CPU.ActiveCfg = Release|Any CPU
		{0C1118D3-4E13-F038-37C0-9AB0D040219C}.Release|Any CPU.Build.0 = Release|Any CPU
		{0C1118D3-4E13-F038-37C0-9AB0D040219C}.Release|ARM.ActiveCfg = Release|Any CPU
		{0C1118D3-4E13-F038-37C0-9AB0D040219C}.Release|ARM.Build.0 = Release|Any CPU
		{0C1118D3-4E13-F038-37C0-9AB0D040219C}.Release|ARM64.ActiveCfg = Release|Any CPU
		{0C1118D3-4E13-F038-37C0-9AB0D040219C}.Release|ARM64.Build.0 = Release|Any CPU
		{0C1118D3-4E13-F038-37C0-9AB0D040219C}.Release|x64.ActiveCfg = Release|Any CPU
		{0C1118D3-4E13-F038-37C0-9AB0D040219C}.Release|x64.Build.0 = Release|Any CPU
		{0C1118D3-4E13-F038-37C0-9AB0D040219C}.Release|x86.ActiveCfg = Release|Any CPU
		{0C1118D3-4E13-F038-37C0-9AB0D040219C}.Release|x86.Build.0 = Release|Any CPU
		{34F7BD10-6A68-7A3D-0888-69DA60BD4030}.Debug|Any CPU.ActiveCfg = Release|Any CPU
		{34F7BD10-6A68-7A3D-0888-69DA60BD4030}.Debug|Any CPU.Build.0 = Release|Any CPU
		{34F7BD10-6A68-7A3D-0888-69DA60BD4030}.Debug|ARM.ActiveCfg = Debug|Any CPU
		{34F7BD10-6A68-7A3D-0888-69DA60BD4030}.Debug|ARM.Build.0 = Debug|Any CPU
		{34F7BD10-6A68-7A3D-0888-69DA60BD4030}.Debug|ARM64.ActiveCfg = Debug|Any CPU
		{34F7BD10-6A68-7A3D-0888-69DA60BD4030}.Debug|ARM64.Build.0 = Debug|Any CPU
		{34F7BD10-6A68-7A3D-0888-69DA60BD4030}.Debug|x64.ActiveCfg = Debug|x64
		{34F7BD10-6A68-7A3D-0888-69DA60BD4030}.Debug|x64.Build.0 = Debug|x64
		{34F7BD10-6A68-7A3D-0888-69DA60BD4030}.Debug|x86.ActiveCfg = Debug|Any CPU
		{34F7BD10-6A68-7A3D-0888-69DA60BD4030}.Debug|x86.Build.0 = Debug|Any CPU
		{34F7BD10-6A68-7A3D-0888-69DA60BD4030}.Release|Any CPU.ActiveCfg = Release|Any CPU
		{34F7BD10-6A68-7A3D-0888-69DA60BD4030}.Release|Any CPU.Build.0 = Release|Any CPU
		{34F7BD10-6A68-7A3D-0888-69DA60BD4030}.Release|ARM.ActiveCfg = Release|Any CPU
		{34F7BD10-6A68-7A3D-0888-69DA60BD4030}.Release|ARM.Build.0 = Release|Any CPU
		{34F7BD10-6A68-7A3D-0888-69DA60BD4030}.Release|ARM64.ActiveCfg = Release|Any CPU
		{34F7BD10-6A68-7A3D-0888-69DA60BD4030}.Release|ARM64.Build.0 = Release|Any CPU
		{34F7BD10-6A68-7A3D-0888-69DA60BD4030}.Release|x64.ActiveCfg = Release|x64
		{34F7BD10-6A68-7A3D-0888-69DA60BD4030}.Release|x64.Build.0 = Release|x64
		{34F7BD10-6A68-7A3D-0888-69DA60BD4030}.Release|x86.ActiveCfg = Release|Any CPU
		{34F7BD10-6A68-7A3D-0888-69DA60BD4030}.Release|x86.Build.0 = Release|Any CPU
		{75D075D1-48C5-1300-48FB-D0EC003F1796}.Debug|Any CPU.ActiveCfg = Debug|Any CPU
		{75D075D1-48C5-1300-48FB-D0EC003F1796}.Debug|Any CPU.Build.0 = Debug|Any CPU
		{75D075D1-48C5-1300-48FB-D0EC003F1796}.Debug|ARM.ActiveCfg = Debug|Any CPU
		{75D075D1-48C5-1300-48FB-D0EC003F1796}.Debug|ARM.Build.0 = Debug|Any CPU
		{75D075D1-48C5-1300-48FB-D0EC003F1796}.Debug|ARM64.ActiveCfg = Debug|Any CPU
		{75D075D1-48C5-1300-48FB-D0EC003F1796}.Debug|ARM64.Build.0 = Debug|Any CPU
		{75D075D1-48C5-1300-48FB-D0EC003F1796}.Debug|x64.ActiveCfg = Debug|Any CPU
		{75D075D1-48C5-1300-48FB-D0EC003F1796}.Debug|x64.Build.0 = Debug|Any CPU
		{75D075D1-48C5-1300-48FB-D0EC003F1796}.Debug|x86.ActiveCfg = Debug|Any CPU
		{75D075D1-48C5-1300-48FB-D0EC003F1796}.Debug|x86.Build.0 = Debug|Any CPU
		{75D075D1-48C5-1300-48FB-D0EC003F1796}.Release|Any CPU.ActiveCfg = Release|Any CPU
		{75D075D1-48C5-1300-48FB-D0EC003F1796}.Release|Any CPU.Build.0 = Release|Any CPU
		{75D075D1-48C5-1300-48FB-D0EC003F1796}.Release|ARM.ActiveCfg = Release|Any CPU
		{75D075D1-48C5-1300-48FB-D0EC003F1796}.Release|ARM.Build.0 = Release|Any CPU
		{75D075D1-48C5-1300-48FB-D0EC003F1796}.Release|ARM64.ActiveCfg = Release|Any CPU
		{75D075D1-48C5-1300-48FB-D0EC003F1796}.Release|ARM64.Build.0 = Release|Any CPU
		{75D075D1-48C5-1300-48FB-D0EC003F1796}.Release|x64.ActiveCfg = Release|Any CPU
		{75D075D1-48C5-1300-48FB-D0EC003F1796}.Release|x64.Build.0 = Release|Any CPU
		{75D075D1-48C5-1300-48FB-D0EC003F1796}.Release|x86.ActiveCfg = Release|Any CPU
		{75D075D1-48C5-1300-48FB-D0EC003F1796}.Release|x86.Build.0 = Release|Any CPU
		{AB6406A5-BFF5-4633-B076-9A9C92BE9F2A}.Debug|Any CPU.ActiveCfg = Debug|Any CPU
		{AB6406A5-BFF5-4633-B076-9A9C92BE9F2A}.Debug|Any CPU.Build.0 = Debug|Any CPU
		{AB6406A5-BFF5-4633-B076-9A9C92BE9F2A}.Debug|ARM.ActiveCfg = Debug|Any CPU
		{AB6406A5-BFF5-4633-B076-9A9C92BE9F2A}.Debug|ARM.Build.0 = Debug|Any CPU
		{AB6406A5-BFF5-4633-B076-9A9C92BE9F2A}.Debug|ARM64.ActiveCfg = Debug|Any CPU
		{AB6406A5-BFF5-4633-B076-9A9C92BE9F2A}.Debug|ARM64.Build.0 = Debug|Any CPU
		{AB6406A5-BFF5-4633-B076-9A9C92BE9F2A}.Debug|x64.ActiveCfg = Debug|Any CPU
		{AB6406A5-BFF5-4633-B076-9A9C92BE9F2A}.Debug|x64.Build.0 = Debug|Any CPU
		{AB6406A5-BFF5-4633-B076-9A9C92BE9F2A}.Debug|x86.ActiveCfg = Debug|Any CPU
		{AB6406A5-BFF5-4633-B076-9A9C92BE9F2A}.Debug|x86.Build.0 = Debug|Any CPU
		{AB6406A5-BFF5-4633-B076-9A9C92BE9F2A}.Release|Any CPU.ActiveCfg = Release|Any CPU
		{AB6406A5-BFF5-4633-B076-9A9C92BE9F2A}.Release|Any CPU.Build.0 = Release|Any CPU
		{AB6406A5-BFF5-4633-B076-9A9C92BE9F2A}.Release|ARM.ActiveCfg = Release|Any CPU
		{AB6406A5-BFF5-4633-B076-9A9C92BE9F2A}.Release|ARM.Build.0 = Release|Any CPU
		{AB6406A5-BFF5-4633-B076-9A9C92BE9F2A}.Release|ARM64.ActiveCfg = Release|Any CPU
		{AB6406A5-BFF5-4633-B076-9A9C92BE9F2A}.Release|ARM64.Build.0 = Release|Any CPU
		{AB6406A5-BFF5-4633-B076-9A9C92BE9F2A}.Release|x64.ActiveCfg = Release|Any CPU
		{AB6406A5-BFF5-4633-B076-9A9C92BE9F2A}.Release|x64.Build.0 = Release|Any CPU
		{AB6406A5-BFF5-4633-B076-9A9C92BE9F2A}.Release|x86.ActiveCfg = Release|Any CPU
		{AB6406A5-BFF5-4633-B076-9A9C92BE9F2A}.Release|x86.Build.0 = Release|Any CPU
		{8423CF2E-1F69-4977-B2F2-1714CD41680A}.Debug|Any CPU.ActiveCfg = Debug|Any CPU
		{8423CF2E-1F69-4977-B2F2-1714CD41680A}.Debug|Any CPU.Build.0 = Debug|Any CPU
		{8423CF2E-1F69-4977-B2F2-1714CD41680A}.Debug|ARM.ActiveCfg = Debug|Any CPU
		{8423CF2E-1F69-4977-B2F2-1714CD41680A}.Debug|ARM.Build.0 = Debug|Any CPU
		{8423CF2E-1F69-4977-B2F2-1714CD41680A}.Debug|ARM64.ActiveCfg = Debug|Any CPU
		{8423CF2E-1F69-4977-B2F2-1714CD41680A}.Debug|ARM64.Build.0 = Debug|Any CPU
		{8423CF2E-1F69-4977-B2F2-1714CD41680A}.Debug|x64.ActiveCfg = Debug|Any CPU
		{8423CF2E-1F69-4977-B2F2-1714CD41680A}.Debug|x64.Build.0 = Debug|Any CPU
		{8423CF2E-1F69-4977-B2F2-1714CD41680A}.Debug|x86.ActiveCfg = Debug|Any CPU
		{8423CF2E-1F69-4977-B2F2-1714CD41680A}.Debug|x86.Build.0 = Debug|Any CPU
		{8423CF2E-1F69-4977-B2F2-1714CD41680A}.Release|Any CPU.ActiveCfg = Release|Any CPU
		{8423CF2E-1F69-4977-B2F2-1714CD41680A}.Release|Any CPU.Build.0 = Release|Any CPU
		{8423CF2E-1F69-4977-B2F2-1714CD41680A}.Release|ARM.ActiveCfg = Release|Any CPU
		{8423CF2E-1F69-4977-B2F2-1714CD41680A}.Release|ARM.Build.0 = Release|Any CPU
		{8423CF2E-1F69-4977-B2F2-1714CD41680A}.Release|ARM64.ActiveCfg = Release|Any CPU
		{8423CF2E-1F69-4977-B2F2-1714CD41680A}.Release|ARM64.Build.0 = Release|Any CPU
		{8423CF2E-1F69-4977-B2F2-1714CD41680A}.Release|x64.ActiveCfg = Release|Any CPU
		{8423CF2E-1F69-4977-B2F2-1714CD41680A}.Release|x64.Build.0 = Release|Any CPU
		{8423CF2E-1F69-4977-B2F2-1714CD41680A}.Release|x86.ActiveCfg = Release|Any CPU
		{8423CF2E-1F69-4977-B2F2-1714CD41680A}.Release|x86.Build.0 = Release|Any CPU
		{F5D17986-15A5-4C12-8CEB-C5805D634309}.Debug|Any CPU.ActiveCfg = Debug|Any CPU
		{F5D17986-15A5-4C12-8CEB-C5805D634309}.Debug|Any CPU.Build.0 = Debug|Any CPU
		{F5D17986-15A5-4C12-8CEB-C5805D634309}.Debug|ARM.ActiveCfg = Debug|Any CPU
		{F5D17986-15A5-4C12-8CEB-C5805D634309}.Debug|ARM.Build.0 = Debug|Any CPU
		{F5D17986-15A5-4C12-8CEB-C5805D634309}.Debug|ARM64.ActiveCfg = Debug|Any CPU
		{F5D17986-15A5-4C12-8CEB-C5805D634309}.Debug|ARM64.Build.0 = Debug|Any CPU
		{F5D17986-15A5-4C12-8CEB-C5805D634309}.Debug|x64.ActiveCfg = Debug|Any CPU
		{F5D17986-15A5-4C12-8CEB-C5805D634309}.Debug|x64.Build.0 = Debug|Any CPU
		{F5D17986-15A5-4C12-8CEB-C5805D634309}.Debug|x86.ActiveCfg = Debug|Any CPU
		{F5D17986-15A5-4C12-8CEB-C5805D634309}.Debug|x86.Build.0 = Debug|Any CPU
		{F5D17986-15A5-4C12-8CEB-C5805D634309}.Release|Any CPU.ActiveCfg = Release|Any CPU
		{F5D17986-15A5-4C12-8CEB-C5805D634309}.Release|Any CPU.Build.0 = Release|Any CPU
		{F5D17986-15A5-4C12-8CEB-C5805D634309}.Release|ARM.ActiveCfg = Release|Any CPU
		{F5D17986-15A5-4C12-8CEB-C5805D634309}.Release|ARM.Build.0 = Release|Any CPU
		{F5D17986-15A5-4C12-8CEB-C5805D634309}.Release|ARM64.ActiveCfg = Release|Any CPU
		{F5D17986-15A5-4C12-8CEB-C5805D634309}.Release|ARM64.Build.0 = Release|Any CPU
		{F5D17986-15A5-4C12-8CEB-C5805D634309}.Release|x64.ActiveCfg = Release|Any CPU
		{F5D17986-15A5-4C12-8CEB-C5805D634309}.Release|x64.Build.0 = Release|Any CPU
		{F5D17986-15A5-4C12-8CEB-C5805D634309}.Release|x86.ActiveCfg = Release|Any CPU
		{F5D17986-15A5-4C12-8CEB-C5805D634309}.Release|x86.Build.0 = Release|Any CPU
		{8C69E6DA-8222-46EE-8B39-FC6E5F1B88F4}.Debug|Any CPU.ActiveCfg = Debug|Any CPU
		{8C69E6DA-8222-46EE-8B39-FC6E5F1B88F4}.Debug|Any CPU.Build.0 = Debug|Any CPU
		{8C69E6DA-8222-46EE-8B39-FC6E5F1B88F4}.Debug|ARM.ActiveCfg = Debug|Any CPU
		{8C69E6DA-8222-46EE-8B39-FC6E5F1B88F4}.Debug|ARM.Build.0 = Debug|Any CPU
		{8C69E6DA-8222-46EE-8B39-FC6E5F1B88F4}.Debug|ARM64.ActiveCfg = Debug|Any CPU
		{8C69E6DA-8222-46EE-8B39-FC6E5F1B88F4}.Debug|ARM64.Build.0 = Debug|Any CPU
		{8C69E6DA-8222-46EE-8B39-FC6E5F1B88F4}.Debug|x64.ActiveCfg = Debug|Any CPU
		{8C69E6DA-8222-46EE-8B39-FC6E5F1B88F4}.Debug|x64.Build.0 = Debug|Any CPU
		{8C69E6DA-8222-46EE-8B39-FC6E5F1B88F4}.Debug|x86.ActiveCfg = Debug|Any CPU
		{8C69E6DA-8222-46EE-8B39-FC6E5F1B88F4}.Debug|x86.Build.0 = Debug|Any CPU
		{8C69E6DA-8222-46EE-8B39-FC6E5F1B88F4}.Release|Any CPU.ActiveCfg = Release|Any CPU
		{8C69E6DA-8222-46EE-8B39-FC6E5F1B88F4}.Release|Any CPU.Build.0 = Release|Any CPU
		{8C69E6DA-8222-46EE-8B39-FC6E5F1B88F4}.Release|ARM.ActiveCfg = Release|Any CPU
		{8C69E6DA-8222-46EE-8B39-FC6E5F1B88F4}.Release|ARM.Build.0 = Release|Any CPU
		{8C69E6DA-8222-46EE-8B39-FC6E5F1B88F4}.Release|ARM64.ActiveCfg = Release|Any CPU
		{8C69E6DA-8222-46EE-8B39-FC6E5F1B88F4}.Release|ARM64.Build.0 = Release|Any CPU
		{8C69E6DA-8222-46EE-8B39-FC6E5F1B88F4}.Release|x64.ActiveCfg = Release|Any CPU
		{8C69E6DA-8222-46EE-8B39-FC6E5F1B88F4}.Release|x64.Build.0 = Release|Any CPU
		{8C69E6DA-8222-46EE-8B39-FC6E5F1B88F4}.Release|x86.ActiveCfg = Release|Any CPU
		{8C69E6DA-8222-46EE-8B39-FC6E5F1B88F4}.Release|x86.Build.0 = Release|Any CPU
		{B83C9EC1-E55D-4C6B-A08F-4E9D730BEAC1}.Debug|Any CPU.ActiveCfg = Release|Any CPU
		{B83C9EC1-E55D-4C6B-A08F-4E9D730BEAC1}.Debug|Any CPU.Build.0 = Release|Any CPU
		{B83C9EC1-E55D-4C6B-A08F-4E9D730BEAC1}.Debug|Any CPU.Deploy.0 = Release|Any CPU
		{B83C9EC1-E55D-4C6B-A08F-4E9D730BEAC1}.Debug|ARM.ActiveCfg = Debug|ARM
		{B83C9EC1-E55D-4C6B-A08F-4E9D730BEAC1}.Debug|ARM.Build.0 = Debug|ARM
		{B83C9EC1-E55D-4C6B-A08F-4E9D730BEAC1}.Debug|ARM.Deploy.0 = Debug|ARM
		{B83C9EC1-E55D-4C6B-A08F-4E9D730BEAC1}.Debug|ARM64.ActiveCfg = Debug|ARM64
		{B83C9EC1-E55D-4C6B-A08F-4E9D730BEAC1}.Debug|ARM64.Build.0 = Debug|ARM64
		{B83C9EC1-E55D-4C6B-A08F-4E9D730BEAC1}.Debug|ARM64.Deploy.0 = Debug|ARM64
		{B83C9EC1-E55D-4C6B-A08F-4E9D730BEAC1}.Debug|x64.ActiveCfg = Debug|x64
		{B83C9EC1-E55D-4C6B-A08F-4E9D730BEAC1}.Debug|x64.Build.0 = Debug|x64
		{B83C9EC1-E55D-4C6B-A08F-4E9D730BEAC1}.Debug|x64.Deploy.0 = Debug|x64
		{B83C9EC1-E55D-4C6B-A08F-4E9D730BEAC1}.Debug|x86.ActiveCfg = Debug|x86
		{B83C9EC1-E55D-4C6B-A08F-4E9D730BEAC1}.Debug|x86.Build.0 = Debug|x86
		{B83C9EC1-E55D-4C6B-A08F-4E9D730BEAC1}.Debug|x86.Deploy.0 = Debug|x86
		{B83C9EC1-E55D-4C6B-A08F-4E9D730BEAC1}.Release|Any CPU.ActiveCfg = Release|Any CPU
		{B83C9EC1-E55D-4C6B-A08F-4E9D730BEAC1}.Release|Any CPU.Build.0 = Release|Any CPU
		{B83C9EC1-E55D-4C6B-A08F-4E9D730BEAC1}.Release|Any CPU.Deploy.0 = Release|Any CPU
		{B83C9EC1-E55D-4C6B-A08F-4E9D730BEAC1}.Release|ARM.ActiveCfg = Release|ARM
		{B83C9EC1-E55D-4C6B-A08F-4E9D730BEAC1}.Release|ARM.Build.0 = Release|ARM
		{B83C9EC1-E55D-4C6B-A08F-4E9D730BEAC1}.Release|ARM.Deploy.0 = Release|ARM
		{B83C9EC1-E55D-4C6B-A08F-4E9D730BEAC1}.Release|ARM64.ActiveCfg = Release|ARM64
		{B83C9EC1-E55D-4C6B-A08F-4E9D730BEAC1}.Release|ARM64.Build.0 = Release|ARM64
		{B83C9EC1-E55D-4C6B-A08F-4E9D730BEAC1}.Release|ARM64.Deploy.0 = Release|ARM64
		{B83C9EC1-E55D-4C6B-A08F-4E9D730BEAC1}.Release|x64.ActiveCfg = Release|x64
		{B83C9EC1-E55D-4C6B-A08F-4E9D730BEAC1}.Release|x64.Build.0 = Release|x64
		{B83C9EC1-E55D-4C6B-A08F-4E9D730BEAC1}.Release|x64.Deploy.0 = Release|x64
		{B83C9EC1-E55D-4C6B-A08F-4E9D730BEAC1}.Release|x86.ActiveCfg = Release|x86
		{B83C9EC1-E55D-4C6B-A08F-4E9D730BEAC1}.Release|x86.Build.0 = Release|x86
		{B83C9EC1-E55D-4C6B-A08F-4E9D730BEAC1}.Release|x86.Deploy.0 = Release|x86
	EndGlobalSection
	GlobalSection(SolutionProperties) = preSolution
		HideSolutionNode = FALSE
	EndGlobalSection
	GlobalSection(ExtensibilityGlobals) = postSolution
		SolutionGuid = {52D34B99-7B3A-41CA-B947-63EF6D7B8460}
	EndGlobalSection
EndGlobal
